// !$*UTF8*$!
{
	archiveVersion = 1;
	classes = {
	};
	objectVersion = 56;
	objects = {

/* Begin PBXBuildFile section */
		450C37BE2C6135BE00D23864 /* SDWebImage in Frameworks */ = {isa = PBXBuildFile; productRef = 450C37BD2C6135BE00D23864 /* SDWebImage */; };
		450C37C02C615D6100D23864 /* AppsMainCollectionViewController.swift in Sources */ = {isa = PBXBuildFile; fileRef = 450C37BF2C615D6100D23864 /* AppsMainCollectionViewController.swift */; };
		450C37C22C615E0800D23864 /* RootListCollectionViewController.swift in Sources */ = {isa = PBXBuildFile; fileRef = 450C37C12C615E0800D23864 /* RootListCollectionViewController.swift */; };
		450C37C82C61600100D23864 /* AppsGroupCollectionViewCell.swift in Sources */ = {isa = PBXBuildFile; fileRef = 450C37C72C61600100D23864 /* AppsGroupCollectionViewCell.swift */; };
		450C37CA2C6161A000D23864 /* UILabel+Extension.swift in Sources */ = {isa = PBXBuildFile; fileRef = 450C37C92C6161A000D23864 /* UILabel+Extension.swift */; };
		450C37CC2C61637500D23864 /* AppsHorizontalCollectionViewController.swift in Sources */ = {isa = PBXBuildFile; fileRef = 450C37CB2C61637500D23864 /* AppsHorizontalCollectionViewController.swift */; };
		450C37CE2C616D4A00D23864 /* AppRowCollectionViewCell.swift in Sources */ = {isa = PBXBuildFile; fileRef = 450C37CD2C616D4A00D23864 /* AppRowCollectionViewCell.swift */; };
		450C37D02C616E5300D23864 /* UIImageView+Extension.swift in Sources */ = {isa = PBXBuildFile; fileRef = 450C37CF2C616E5300D23864 /* UIImageView+Extension.swift */; };
		450C37D22C616EAD00D23864 /* UIButton+Extension.swift in Sources */ = {isa = PBXBuildFile; fileRef = 450C37D12C616EAD00D23864 /* UIButton+Extension.swift */; };
		450C37D42C617A7500D23864 /* AppsHeaderReusableView.swift in Sources */ = {isa = PBXBuildFile; fileRef = 450C37D32C617A7500D23864 /* AppsHeaderReusableView.swift */; };
		450C37D62C617BC800D23864 /* AppsHeaderHorizontalCollectionViewController.swift in Sources */ = {isa = PBXBuildFile; fileRef = 450C37D52C617BC800D23864 /* AppsHeaderHorizontalCollectionViewController.swift */; };
		450C37D82C617D9E00D23864 /* AppsHeaderReusableCollectionViewCell.swift in Sources */ = {isa = PBXBuildFile; fileRef = 450C37D72C617D9E00D23864 /* AppsHeaderReusableCollectionViewCell.swift */; };
		457076C12C679442009CB940 /* TodayAppMultipleCell.swift in Sources */ = {isa = PBXBuildFile; fileRef = 457076C02C679442009CB940 /* TodayAppMultipleCell.swift */; };
		457076C32C679D9E009CB940 /* TodayBaseCollectionViewCell.swift in Sources */ = {isa = PBXBuildFile; fileRef = 457076C22C679D9E009CB940 /* TodayBaseCollectionViewCell.swift */; };
		457076C52C67BF5B009CB940 /* TodayAppMultipleCollectionViewController.swift in Sources */ = {isa = PBXBuildFile; fileRef = 457076C42C67BF5B009CB940 /* TodayAppMultipleCollectionViewController.swift */; };
		457076C72C67BFC8009CB940 /* TodayMultipleAppCollectionViewCell.swift in Sources */ = {isa = PBXBuildFile; fileRef = 457076C62C67BFC8009CB940 /* TodayMultipleAppCollectionViewCell.swift */; };
		459BC6412C6242C400289771 /* AppRowResult.swift in Sources */ = {isa = PBXBuildFile; fileRef = 459BC6402C6242C400289771 /* AppRowResult.swift */; };
		459BC6432C62888E00289771 /* HeaderApps.swift in Sources */ = {isa = PBXBuildFile; fileRef = 459BC6422C62888E00289771 /* HeaderApps.swift */; };
		45A6E1C12C63999300AA6001 /* HorizontalCollectionViewSnappingController.swift in Sources */ = {isa = PBXBuildFile; fileRef = 45A6E1C02C63999300AA6001 /* HorizontalCollectionViewSnappingController.swift */; };
		45A6E1C42C63AB3300AA6001 /* AppDetailCollectionViewController.swift in Sources */ = {isa = PBXBuildFile; fileRef = 45A6E1C32C63AB3300AA6001 /* AppDetailCollectionViewController.swift */; };
		45A6E1C72C63DC0E00AA6001 /* AppDetailCollectionViewCell.swift in Sources */ = {isa = PBXBuildFile; fileRef = 45A6E1C62C63DC0E00AA6001 /* AppDetailCollectionViewCell.swift */; };
		45A6E1C92C64001400AA6001 /* UIStackView+Extension.swift in Sources */ = {isa = PBXBuildFile; fileRef = 45A6E1C82C64001400AA6001 /* UIStackView+Extension.swift */; };
		45A6E1CB2C64006700AA6001 /* PreviewCollectionViewCell.swift in Sources */ = {isa = PBXBuildFile; fileRef = 45A6E1CA2C64006700AA6001 /* PreviewCollectionViewCell.swift */; };
		45A6E1CD2C6401B200AA6001 /* PreviewHorizontalCollectionViewController.swift in Sources */ = {isa = PBXBuildFile; fileRef = 45A6E1CC2C6401B200AA6001 /* PreviewHorizontalCollectionViewController.swift */; };
		45A6E1CF2C64030A00AA6001 /* PreviewHorizontalCollectionViewCell.swift in Sources */ = {isa = PBXBuildFile; fileRef = 45A6E1CE2C64030A00AA6001 /* PreviewHorizontalCollectionViewCell.swift */; };
		45A6E1D12C640B8500AA6001 /* ReviewCollectionViewCell.swift in Sources */ = {isa = PBXBuildFile; fileRef = 45A6E1D02C640B8500AA6001 /* ReviewCollectionViewCell.swift */; };
		45A6E1D32C640E3600AA6001 /* ReviewHorizontalCollectionViewController.swift in Sources */ = {isa = PBXBuildFile; fileRef = 45A6E1D22C640E3600AA6001 /* ReviewHorizontalCollectionViewController.swift */; };
		45A6E1D52C64109C00AA6001 /* ReviewHorizontalCollectionViewCell.swift in Sources */ = {isa = PBXBuildFile; fileRef = 45A6E1D42C64109C00AA6001 /* ReviewHorizontalCollectionViewCell.swift */; };
		45B0D8322C66848D00F6ACF8 /* TodayCollectionViewController.swift in Sources */ = {isa = PBXBuildFile; fileRef = 45B0D8312C66848D00F6ACF8 /* TodayCollectionViewController.swift */; };
		45B0D8352C66853600F6ACF8 /* TodayCollectionViewCell.swift in Sources */ = {isa = PBXBuildFile; fileRef = 45B0D8342C66853600F6ACF8 /* TodayCollectionViewCell.swift */; };
		45B0D8372C6695B100F6ACF8 /* TodayAppExpandedTableViewController.swift in Sources */ = {isa = PBXBuildFile; fileRef = 45B0D8362C6695B100F6ACF8 /* TodayAppExpandedTableViewController.swift */; };
		45B0D8392C66993F00F6ACF8 /* TodayAppExpandedDescriptionTableViewCell.swift in Sources */ = {isa = PBXBuildFile; fileRef = 45B0D8382C66993F00F6ACF8 /* TodayAppExpandedDescriptionTableViewCell.swift */; };
		45B0D83B2C66AEE800F6ACF8 /* TodayAppExpandedHeaderCell.swift in Sources */ = {isa = PBXBuildFile; fileRef = 45B0D83A2C66AEE800F6ACF8 /* TodayAppExpandedHeaderCell.swift */; };
		45B0D83D2C66C4AA00F6ACF8 /* TodayCellItem.swift in Sources */ = {isa = PBXBuildFile; fileRef = 45B0D83C2C66C4AA00F6ACF8 /* TodayCellItem.swift */; };
		45F653702C664F45002D64DF /* Reviews.swift in Sources */ = {isa = PBXBuildFile; fileRef = 45F6536F2C664F45002D64DF /* Reviews.swift */; };
		45FF94262C5F8C650087AF62 /* AppDelegate.swift in Sources */ = {isa = PBXBuildFile; fileRef = 45FF94252C5F8C650087AF62 /* AppDelegate.swift */; };
		45FF94282C5F8C650087AF62 /* SceneDelegate.swift in Sources */ = {isa = PBXBuildFile; fileRef = 45FF94272C5F8C650087AF62 /* SceneDelegate.swift */; };
		45FF942F2C5F8C660087AF62 /* Assets.xcassets in Resources */ = {isa = PBXBuildFile; fileRef = 45FF942E2C5F8C660087AF62 /* Assets.xcassets */; };
		45FF94322C5F8C660087AF62 /* LaunchScreen.storyboard in Resources */ = {isa = PBXBuildFile; fileRef = 45FF94302C5F8C660087AF62 /* LaunchScreen.storyboard */; };
		45FF943A2C5F8F090087AF62 /* RootViewController.swift in Sources */ = {isa = PBXBuildFile; fileRef = 45FF94392C5F8F090087AF62 /* RootViewController.swift */; };
		45FF943D2C5F9E860087AF62 /* SearchCollectionViewController.swift in Sources */ = {isa = PBXBuildFile; fileRef = 45FF943C2C5F9E860087AF62 /* SearchCollectionViewController.swift */; };
		45FF94402C5FA7390087AF62 /* SearchResultsCollectionViewCell.swift in Sources */ = {isa = PBXBuildFile; fileRef = 45FF943F2C5FA7390087AF62 /* SearchResultsCollectionViewCell.swift */; };
		45FF94452C5FE0CD0087AF62 /* UIView+Extension.swift in Sources */ = {isa = PBXBuildFile; fileRef = 45FF94442C5FE0CD0087AF62 /* UIView+Extension.swift */; };
		45FF94482C5FE7340087AF62 /* VerticalStackView.swift in Sources */ = {isa = PBXBuildFile; fileRef = 45FF94472C5FE7340087AF62 /* VerticalStackView.swift */; };
		45FF944D2C5FF3E00087AF62 /* AppSearchResult.swift in Sources */ = {isa = PBXBuildFile; fileRef = 45FF944C2C5FF3E00087AF62 /* AppSearchResult.swift */; };
		45FF94502C60015D0087AF62 /* NetworkManager.swift in Sources */ = {isa = PBXBuildFile; fileRef = 45FF944F2C60015D0087AF62 /* NetworkManager.swift */; };
/* End PBXBuildFile section */

/* Begin PBXFileReference section */
		450C37BF2C615D6100D23864 /* AppsMainCollectionViewController.swift */ = {isa = PBXFileReference; lastKnownFileType = sourcecode.swift; path = AppsMainCollectionViewController.swift; sourceTree = "<group>"; };
		450C37C12C615E0800D23864 /* RootListCollectionViewController.swift */ = {isa = PBXFileReference; lastKnownFileType = sourcecode.swift; path = RootListCollectionViewController.swift; sourceTree = "<group>"; };
		450C37C72C61600100D23864 /* AppsGroupCollectionViewCell.swift */ = {isa = PBXFileReference; lastKnownFileType = sourcecode.swift; path = AppsGroupCollectionViewCell.swift; sourceTree = "<group>"; };
		450C37C92C6161A000D23864 /* UILabel+Extension.swift */ = {isa = PBXFileReference; lastKnownFileType = sourcecode.swift; path = "UILabel+Extension.swift"; sourceTree = "<group>"; };
		450C37CB2C61637500D23864 /* AppsHorizontalCollectionViewController.swift */ = {isa = PBXFileReference; lastKnownFileType = sourcecode.swift; path = AppsHorizontalCollectionViewController.swift; sourceTree = "<group>"; };
		450C37CD2C616D4A00D23864 /* AppRowCollectionViewCell.swift */ = {isa = PBXFileReference; lastKnownFileType = sourcecode.swift; path = AppRowCollectionViewCell.swift; sourceTree = "<group>"; };
		450C37CF2C616E5300D23864 /* UIImageView+Extension.swift */ = {isa = PBXFileReference; lastKnownFileType = sourcecode.swift; path = "UIImageView+Extension.swift"; sourceTree = "<group>"; };
		450C37D12C616EAD00D23864 /* UIButton+Extension.swift */ = {isa = PBXFileReference; lastKnownFileType = sourcecode.swift; path = "UIButton+Extension.swift"; sourceTree = "<group>"; };
		450C37D32C617A7500D23864 /* AppsHeaderReusableView.swift */ = {isa = PBXFileReference; lastKnownFileType = sourcecode.swift; path = AppsHeaderReusableView.swift; sourceTree = "<group>"; };
		450C37D52C617BC800D23864 /* AppsHeaderHorizontalCollectionViewController.swift */ = {isa = PBXFileReference; lastKnownFileType = sourcecode.swift; path = AppsHeaderHorizontalCollectionViewController.swift; sourceTree = "<group>"; };
		450C37D72C617D9E00D23864 /* AppsHeaderReusableCollectionViewCell.swift */ = {isa = PBXFileReference; lastKnownFileType = sourcecode.swift; path = AppsHeaderReusableCollectionViewCell.swift; sourceTree = "<group>"; };
		457076C02C679442009CB940 /* TodayAppMultipleCell.swift */ = {isa = PBXFileReference; lastKnownFileType = sourcecode.swift; path = TodayAppMultipleCell.swift; sourceTree = "<group>"; };
		457076C22C679D9E009CB940 /* TodayBaseCollectionViewCell.swift */ = {isa = PBXFileReference; lastKnownFileType = sourcecode.swift; path = TodayBaseCollectionViewCell.swift; sourceTree = "<group>"; };
		457076C42C67BF5B009CB940 /* TodayAppMultipleCollectionViewController.swift */ = {isa = PBXFileReference; lastKnownFileType = sourcecode.swift; path = TodayAppMultipleCollectionViewController.swift; sourceTree = "<group>"; };
		457076C62C67BFC8009CB940 /* TodayMultipleAppCollectionViewCell.swift */ = {isa = PBXFileReference; lastKnownFileType = sourcecode.swift; path = TodayMultipleAppCollectionViewCell.swift; sourceTree = "<group>"; };
		459BC6402C6242C400289771 /* AppRowResult.swift */ = {isa = PBXFileReference; lastKnownFileType = sourcecode.swift; path = AppRowResult.swift; sourceTree = "<group>"; };
		459BC6422C62888E00289771 /* HeaderApps.swift */ = {isa = PBXFileReference; lastKnownFileType = sourcecode.swift; path = HeaderApps.swift; sourceTree = "<group>"; };
		45A6E1C02C63999300AA6001 /* HorizontalCollectionViewSnappingController.swift */ = {isa = PBXFileReference; lastKnownFileType = sourcecode.swift; path = HorizontalCollectionViewSnappingController.swift; sourceTree = "<group>"; };
		45A6E1C32C63AB3300AA6001 /* AppDetailCollectionViewController.swift */ = {isa = PBXFileReference; lastKnownFileType = sourcecode.swift; path = AppDetailCollectionViewController.swift; sourceTree = "<group>"; };
		45A6E1C62C63DC0E00AA6001 /* AppDetailCollectionViewCell.swift */ = {isa = PBXFileReference; lastKnownFileType = sourcecode.swift; path = AppDetailCollectionViewCell.swift; sourceTree = "<group>"; };
		45A6E1C82C64001400AA6001 /* UIStackView+Extension.swift */ = {isa = PBXFileReference; lastKnownFileType = sourcecode.swift; path = "UIStackView+Extension.swift"; sourceTree = "<group>"; };
		45A6E1CA2C64006700AA6001 /* PreviewCollectionViewCell.swift */ = {isa = PBXFileReference; lastKnownFileType = sourcecode.swift; path = PreviewCollectionViewCell.swift; sourceTree = "<group>"; };
		45A6E1CC2C6401B200AA6001 /* PreviewHorizontalCollectionViewController.swift */ = {isa = PBXFileReference; lastKnownFileType = sourcecode.swift; path = PreviewHorizontalCollectionViewController.swift; sourceTree = "<group>"; };
		45A6E1CE2C64030A00AA6001 /* PreviewHorizontalCollectionViewCell.swift */ = {isa = PBXFileReference; lastKnownFileType = sourcecode.swift; path = PreviewHorizontalCollectionViewCell.swift; sourceTree = "<group>"; };
		45A6E1D02C640B8500AA6001 /* ReviewCollectionViewCell.swift */ = {isa = PBXFileReference; lastKnownFileType = sourcecode.swift; path = ReviewCollectionViewCell.swift; sourceTree = "<group>"; };
		45A6E1D22C640E3600AA6001 /* ReviewHorizontalCollectionViewController.swift */ = {isa = PBXFileReference; lastKnownFileType = sourcecode.swift; path = ReviewHorizontalCollectionViewController.swift; sourceTree = "<group>"; };
		45A6E1D42C64109C00AA6001 /* ReviewHorizontalCollectionViewCell.swift */ = {isa = PBXFileReference; lastKnownFileType = sourcecode.swift; path = ReviewHorizontalCollectionViewCell.swift; sourceTree = "<group>"; };
		45B0D8312C66848D00F6ACF8 /* TodayCollectionViewController.swift */ = {isa = PBXFileReference; lastKnownFileType = sourcecode.swift; path = TodayCollectionViewController.swift; sourceTree = "<group>"; };
		45B0D8342C66853600F6ACF8 /* TodayCollectionViewCell.swift */ = {isa = PBXFileReference; lastKnownFileType = sourcecode.swift; path = TodayCollectionViewCell.swift; sourceTree = "<group>"; };
		45B0D8362C6695B100F6ACF8 /* TodayAppExpandedTableViewController.swift */ = {isa = PBXFileReference; lastKnownFileType = sourcecode.swift; path = TodayAppExpandedTableViewController.swift; sourceTree = "<group>"; };
		45B0D8382C66993F00F6ACF8 /* TodayAppExpandedDescriptionTableViewCell.swift */ = {isa = PBXFileReference; lastKnownFileType = sourcecode.swift; path = TodayAppExpandedDescriptionTableViewCell.swift; sourceTree = "<group>"; };
		45B0D83A2C66AEE800F6ACF8 /* TodayAppExpandedHeaderCell.swift */ = {isa = PBXFileReference; lastKnownFileType = sourcecode.swift; path = TodayAppExpandedHeaderCell.swift; sourceTree = "<group>"; };
		45B0D83C2C66C4AA00F6ACF8 /* TodayCellItem.swift */ = {isa = PBXFileReference; lastKnownFileType = sourcecode.swift; path = TodayCellItem.swift; sourceTree = "<group>"; };
		45F6536F2C664F45002D64DF /* Reviews.swift */ = {isa = PBXFileReference; lastKnownFileType = sourcecode.swift; path = Reviews.swift; sourceTree = "<group>"; };
		45FF94222C5F8C650087AF62 /* iStore.app */ = {isa = PBXFileReference; explicitFileType = wrapper.application; includeInIndex = 0; path = iStore.app; sourceTree = BUILT_PRODUCTS_DIR; };
		45FF94252C5F8C650087AF62 /* AppDelegate.swift */ = {isa = PBXFileReference; lastKnownFileType = sourcecode.swift; path = AppDelegate.swift; sourceTree = "<group>"; };
		45FF94272C5F8C650087AF62 /* SceneDelegate.swift */ = {isa = PBXFileReference; lastKnownFileType = sourcecode.swift; path = SceneDelegate.swift; sourceTree = "<group>"; };
		45FF942E2C5F8C660087AF62 /* Assets.xcassets */ = {isa = PBXFileReference; lastKnownFileType = folder.assetcatalog; path = Assets.xcassets; sourceTree = "<group>"; };
		45FF94312C5F8C660087AF62 /* Base */ = {isa = PBXFileReference; lastKnownFileType = file.storyboard; name = Base; path = Base.lproj/LaunchScreen.storyboard; sourceTree = "<group>"; };
		45FF94332C5F8C660087AF62 /* Info.plist */ = {isa = PBXFileReference; lastKnownFileType = text.plist.xml; path = Info.plist; sourceTree = "<group>"; };
		45FF94392C5F8F090087AF62 /* RootViewController.swift */ = {isa = PBXFileReference; lastKnownFileType = sourcecode.swift; path = RootViewController.swift; sourceTree = "<group>"; };
		45FF943C2C5F9E860087AF62 /* SearchCollectionViewController.swift */ = {isa = PBXFileReference; lastKnownFileType = sourcecode.swift; path = SearchCollectionViewController.swift; sourceTree = "<group>"; };
		45FF943F2C5FA7390087AF62 /* SearchResultsCollectionViewCell.swift */ = {isa = PBXFileReference; lastKnownFileType = sourcecode.swift; path = SearchResultsCollectionViewCell.swift; sourceTree = "<group>"; };
		45FF94442C5FE0CD0087AF62 /* UIView+Extension.swift */ = {isa = PBXFileReference; lastKnownFileType = sourcecode.swift; path = "UIView+Extension.swift"; sourceTree = "<group>"; };
		45FF94472C5FE7340087AF62 /* VerticalStackView.swift */ = {isa = PBXFileReference; lastKnownFileType = sourcecode.swift; path = VerticalStackView.swift; sourceTree = "<group>"; };
		45FF944C2C5FF3E00087AF62 /* AppSearchResult.swift */ = {isa = PBXFileReference; lastKnownFileType = sourcecode.swift; path = AppSearchResult.swift; sourceTree = "<group>"; };
		45FF944F2C60015D0087AF62 /* NetworkManager.swift */ = {isa = PBXFileReference; lastKnownFileType = sourcecode.swift; path = NetworkManager.swift; sourceTree = "<group>"; };
/* End PBXFileReference section */

/* Begin PBXFrameworksBuildPhase section */
		45FF941F2C5F8C650087AF62 /* Frameworks */ = {
			isa = PBXFrameworksBuildPhase;
			buildActionMask = 2147483647;
			files = (
				450C37BE2C6135BE00D23864 /* SDWebImage in Frameworks */,
			);
			runOnlyForDeploymentPostprocessing = 0;
		};
/* End PBXFrameworksBuildPhase section */

/* Begin PBXGroup section */
		450C37C32C615EA500D23864 /* Search */ = {
			isa = PBXGroup;
			children = (
				45FF943C2C5F9E860087AF62 /* SearchCollectionViewController.swift */,
			);
			path = Search;
			sourceTree = "<group>";
		};
		450C37C42C615EAF00D23864 /* Apps */ = {
			isa = PBXGroup;
			children = (
				45A6E1C22C63AB0B00AA6001 /* Details */,
				450C37BF2C615D6100D23864 /* AppsMainCollectionViewController.swift */,
				450C37CB2C61637500D23864 /* AppsHorizontalCollectionViewController.swift */,
				450C37D52C617BC800D23864 /* AppsHeaderHorizontalCollectionViewController.swift */,
			);
			path = Apps;
			sourceTree = "<group>";
		};
		450C37C52C615FE000D23864 /* Search */ = {
			isa = PBXGroup;
			children = (
				45FF943F2C5FA7390087AF62 /* SearchResultsCollectionViewCell.swift */,
			);
			path = Search;
			sourceTree = "<group>";
		};
		450C37C62C615FE800D23864 /* Apps */ = {
			isa = PBXGroup;
			children = (
				45A6E1C52C63DBFB00AA6001 /* Detail */,
				450C37C72C61600100D23864 /* AppsGroupCollectionViewCell.swift */,
				450C37CD2C616D4A00D23864 /* AppRowCollectionViewCell.swift */,
				45B0D82D2C66835600F6ACF8 /* Header */,
			);
			path = Apps;
			sourceTree = "<group>";
		};
		45A6E1C22C63AB0B00AA6001 /* Details */ = {
			isa = PBXGroup;
			children = (
				45A6E1C32C63AB3300AA6001 /* AppDetailCollectionViewController.swift */,
				45B0D82E2C66836800F6ACF8 /* Preview */,
				45B0D82F2C66837200F6ACF8 /* Review */,
			);
			path = Details;
			sourceTree = "<group>";
		};
		45A6E1C52C63DBFB00AA6001 /* Detail */ = {
			isa = PBXGroup;
			children = (
				45A6E1C62C63DC0E00AA6001 /* AppDetailCollectionViewCell.swift */,
				45B0D82C2C66834300F6ACF8 /* Preview */,
				45B0D82B2C66833A00F6ACF8 /* Review */,
			);
			path = Detail;
			sourceTree = "<group>";
		};
		45B0D82B2C66833A00F6ACF8 /* Review */ = {
			isa = PBXGroup;
			children = (
				45A6E1D02C640B8500AA6001 /* ReviewCollectionViewCell.swift */,
				45A6E1D42C64109C00AA6001 /* ReviewHorizontalCollectionViewCell.swift */,
			);
			path = Review;
			sourceTree = "<group>";
		};
		45B0D82C2C66834300F6ACF8 /* Preview */ = {
			isa = PBXGroup;
			children = (
				45A6E1CA2C64006700AA6001 /* PreviewCollectionViewCell.swift */,
				45A6E1CE2C64030A00AA6001 /* PreviewHorizontalCollectionViewCell.swift */,
			);
			path = Preview;
			sourceTree = "<group>";
		};
		45B0D82D2C66835600F6ACF8 /* Header */ = {
			isa = PBXGroup;
			children = (
				450C37D32C617A7500D23864 /* AppsHeaderReusableView.swift */,
				450C37D72C617D9E00D23864 /* AppsHeaderReusableCollectionViewCell.swift */,
			);
			path = Header;
			sourceTree = "<group>";
		};
		45B0D82E2C66836800F6ACF8 /* Preview */ = {
			isa = PBXGroup;
			children = (
				45A6E1CC2C6401B200AA6001 /* PreviewHorizontalCollectionViewController.swift */,
			);
			path = Preview;
			sourceTree = "<group>";
		};
		45B0D82F2C66837200F6ACF8 /* Review */ = {
			isa = PBXGroup;
			children = (
				45A6E1D22C640E3600AA6001 /* ReviewHorizontalCollectionViewController.swift */,
			);
			path = Review;
			sourceTree = "<group>";
		};
		45B0D8302C66847A00F6ACF8 /* Today */ = {
			isa = PBXGroup;
			children = (
				45B0D8312C66848D00F6ACF8 /* TodayCollectionViewController.swift */,
				45B0D8362C6695B100F6ACF8 /* TodayAppExpandedTableViewController.swift */,
				457076C42C67BF5B009CB940 /* TodayAppMultipleCollectionViewController.swift */,
			);
			path = Today;
			sourceTree = "<group>";
		};
		45B0D8332C66852B00F6ACF8 /* Today */ = {
			isa = PBXGroup;
			children = (
				45B0D8342C66853600F6ACF8 /* TodayCollectionViewCell.swift */,
				45B0D8382C66993F00F6ACF8 /* TodayAppExpandedDescriptionTableViewCell.swift */,
				45B0D83A2C66AEE800F6ACF8 /* TodayAppExpandedHeaderCell.swift */,
				457076C02C679442009CB940 /* TodayAppMultipleCell.swift */,
				457076C22C679D9E009CB940 /* TodayBaseCollectionViewCell.swift */,
				457076C62C67BFC8009CB940 /* TodayMultipleAppCollectionViewCell.swift */,
			);
			path = Today;
			sourceTree = "<group>";
		};
		45FF94192C5F8C650087AF62 = {
			isa = PBXGroup;
			children = (
				45FF94242C5F8C650087AF62 /* iStore */,
				45FF94232C5F8C650087AF62 /* Products */,
			);
			sourceTree = "<group>";
		};
		45FF94232C5F8C650087AF62 /* Products */ = {
			isa = PBXGroup;
			children = (
				45FF94222C5F8C650087AF62 /* iStore.app */,
			);
			name = Products;
			sourceTree = "<group>";
		};
		45FF94242C5F8C650087AF62 /* iStore */ = {
			isa = PBXGroup;
			children = (
				45FF944A2C5FED4B0087AF62 /* Delegate */,
				45FF94462C5FE7230087AF62 /* Helper */,
				45FF944E2C60014A0087AF62 /* Manager */,
				45FF944B2C5FF3D30087AF62 /* Model */,
				45FF943E2C5FA71F0087AF62 /* View */,
				45FF943B2C5F9E5E0087AF62 /* Controller */,
				45FF94492C5FED390087AF62 /* Resource */,
				45FF94332C5F8C660087AF62 /* Info.plist */,
			);
			path = iStore;
			sourceTree = "<group>";
		};
		45FF943B2C5F9E5E0087AF62 /* Controller */ = {
			isa = PBXGroup;
			children = (
				45FF94392C5F8F090087AF62 /* RootViewController.swift */,
				45B0D8302C66847A00F6ACF8 /* Today */,
				450C37C42C615EAF00D23864 /* Apps */,
				450C37C32C615EA500D23864 /* Search */,
			);
			path = Controller;
			sourceTree = "<group>";
		};
		45FF943E2C5FA71F0087AF62 /* View */ = {
			isa = PBXGroup;
			children = (
				45B0D8332C66852B00F6ACF8 /* Today */,
				450C37C62C615FE800D23864 /* Apps */,
				450C37C52C615FE000D23864 /* Search */,
			);
			path = View;
			sourceTree = "<group>";
		};
		45FF94432C5FE0A50087AF62 /* Extension */ = {
			isa = PBXGroup;
			children = (
				45FF94442C5FE0CD0087AF62 /* UIView+Extension.swift */,
				450C37C92C6161A000D23864 /* UILabel+Extension.swift */,
				450C37CF2C616E5300D23864 /* UIImageView+Extension.swift */,
				45A6E1C82C64001400AA6001 /* UIStackView+Extension.swift */,
			);
			path = Extension;
			sourceTree = "<group>";
		};
		45FF94462C5FE7230087AF62 /* Helper */ = {
			isa = PBXGroup;
			children = (
				45FF94432C5FE0A50087AF62 /* Extension */,
				45FF94472C5FE7340087AF62 /* VerticalStackView.swift */,
				450C37C12C615E0800D23864 /* RootListCollectionViewController.swift */,
				450C37D12C616EAD00D23864 /* UIButton+Extension.swift */,
				45A6E1C02C63999300AA6001 /* HorizontalCollectionViewSnappingController.swift */,
			);
			path = Helper;
			sourceTree = "<group>";
		};
		45FF94492C5FED390087AF62 /* Resource */ = {
			isa = PBXGroup;
			children = (
				45FF942E2C5F8C660087AF62 /* Assets.xcassets */,
				45FF94302C5F8C660087AF62 /* LaunchScreen.storyboard */,
			);
			path = Resource;
			sourceTree = "<group>";
		};
		45FF944A2C5FED4B0087AF62 /* Delegate */ = {
			isa = PBXGroup;
			children = (
				45FF94252C5F8C650087AF62 /* AppDelegate.swift */,
				45FF94272C5F8C650087AF62 /* SceneDelegate.swift */,
			);
			path = Delegate;
			sourceTree = "<group>";
		};
		45FF944B2C5FF3D30087AF62 /* Model */ = {
			isa = PBXGroup;
			children = (
				45FF944C2C5FF3E00087AF62 /* AppSearchResult.swift */,
				459BC6402C6242C400289771 /* AppRowResult.swift */,
				459BC6422C62888E00289771 /* HeaderApps.swift */,
				45F6536F2C664F45002D64DF /* Reviews.swift */,
				45B0D83C2C66C4AA00F6ACF8 /* TodayCellItem.swift */,
			);
			path = Model;
			sourceTree = "<group>";
		};
		45FF944E2C60014A0087AF62 /* Manager */ = {
			isa = PBXGroup;
			children = (
				45FF944F2C60015D0087AF62 /* NetworkManager.swift */,
			);
			path = Manager;
			sourceTree = "<group>";
		};
/* End PBXGroup section */

/* Begin PBXNativeTarget section */
		45FF94212C5F8C650087AF62 /* iStore */ = {
			isa = PBXNativeTarget;
			buildConfigurationList = 45FF94362C5F8C660087AF62 /* Build configuration list for PBXNativeTarget "iStore" */;
			buildPhases = (
				45FF941E2C5F8C650087AF62 /* Sources */,
				45FF941F2C5F8C650087AF62 /* Frameworks */,
				45FF94202C5F8C650087AF62 /* Resources */,
			);
			buildRules = (
			);
			dependencies = (
			);
			name = iStore;
			packageProductDependencies = (
				450C37BD2C6135BE00D23864 /* SDWebImage */,
			);
			productName = iStore;
			productReference = 45FF94222C5F8C650087AF62 /* iStore.app */;
			productType = "com.apple.product-type.application";
		};
/* End PBXNativeTarget section */

/* Begin PBXProject section */
		45FF941A2C5F8C650087AF62 /* Project object */ = {
			isa = PBXProject;
			attributes = {
				BuildIndependentTargetsInParallel = 1;
				LastSwiftUpdateCheck = 1500;
				LastUpgradeCheck = 1500;
				TargetAttributes = {
					45FF94212C5F8C650087AF62 = {
						CreatedOnToolsVersion = 15.0.1;
					};
				};
			};
			buildConfigurationList = 45FF941D2C5F8C650087AF62 /* Build configuration list for PBXProject "iStore" */;
			compatibilityVersion = "Xcode 14.0";
			developmentRegion = en;
			hasScannedForEncodings = 0;
			knownRegions = (
				en,
				Base,
			);
			mainGroup = 45FF94192C5F8C650087AF62;
			packageReferences = (
				450C37BC2C6135BE00D23864 /* XCRemoteSwiftPackageReference "SDWebImage" */,
			);
			productRefGroup = 45FF94232C5F8C650087AF62 /* Products */;
			projectDirPath = "";
			projectRoot = "";
			targets = (
				45FF94212C5F8C650087AF62 /* iStore */,
			);
		};
/* End PBXProject section */

/* Begin PBXResourcesBuildPhase section */
		45FF94202C5F8C650087AF62 /* Resources */ = {
			isa = PBXResourcesBuildPhase;
			buildActionMask = 2147483647;
			files = (
				45FF94322C5F8C660087AF62 /* LaunchScreen.storyboard in Resources */,
				45FF942F2C5F8C660087AF62 /* Assets.xcassets in Resources */,
			);
			runOnlyForDeploymentPostprocessing = 0;
		};
/* End PBXResourcesBuildPhase section */

/* Begin PBXSourcesBuildPhase section */
		45FF941E2C5F8C650087AF62 /* Sources */ = {
			isa = PBXSourcesBuildPhase;
			buildActionMask = 2147483647;
			files = (
				45FF94502C60015D0087AF62 /* NetworkManager.swift in Sources */,
				45A6E1C42C63AB3300AA6001 /* AppDetailCollectionViewController.swift in Sources */,
				45FF94452C5FE0CD0087AF62 /* UIView+Extension.swift in Sources */,
				450C37CE2C616D4A00D23864 /* AppRowCollectionViewCell.swift in Sources */,
				450C37D22C616EAD00D23864 /* UIButton+Extension.swift in Sources */,
				45FF94262C5F8C650087AF62 /* AppDelegate.swift in Sources */,
				45B0D8322C66848D00F6ACF8 /* TodayCollectionViewController.swift in Sources */,
				45B0D83D2C66C4AA00F6ACF8 /* TodayCellItem.swift in Sources */,
				45A6E1D52C64109C00AA6001 /* ReviewHorizontalCollectionViewCell.swift in Sources */,
				45FF944D2C5FF3E00087AF62 /* AppSearchResult.swift in Sources */,
				457076C72C67BFC8009CB940 /* TodayMultipleAppCollectionViewCell.swift in Sources */,
				450C37CC2C61637500D23864 /* AppsHorizontalCollectionViewController.swift in Sources */,
				45FF943A2C5F8F090087AF62 /* RootViewController.swift in Sources */,
				450C37D82C617D9E00D23864 /* AppsHeaderReusableCollectionViewCell.swift in Sources */,
				45FF943D2C5F9E860087AF62 /* SearchCollectionViewController.swift in Sources */,
				450C37C02C615D6100D23864 /* AppsMainCollectionViewController.swift in Sources */,
				45FF94402C5FA7390087AF62 /* SearchResultsCollectionViewCell.swift in Sources */,
				450C37D02C616E5300D23864 /* UIImageView+Extension.swift in Sources */,
				45F653702C664F45002D64DF /* Reviews.swift in Sources */,
				450C37D42C617A7500D23864 /* AppsHeaderReusableView.swift in Sources */,
				45A6E1D32C640E3600AA6001 /* ReviewHorizontalCollectionViewController.swift in Sources */,
				45B0D8352C66853600F6ACF8 /* TodayCollectionViewCell.swift in Sources */,
				457076C32C679D9E009CB940 /* TodayBaseCollectionViewCell.swift in Sources */,
				450C37C82C61600100D23864 /* AppsGroupCollectionViewCell.swift in Sources */,
				45B0D8372C6695B100F6ACF8 /* TodayAppExpandedTableViewController.swift in Sources */,
				459BC6412C6242C400289771 /* AppRowResult.swift in Sources */,
				45A6E1CD2C6401B200AA6001 /* PreviewHorizontalCollectionViewController.swift in Sources */,
				45B0D83B2C66AEE800F6ACF8 /* TodayAppExpandedHeaderCell.swift in Sources */,
				45A6E1C72C63DC0E00AA6001 /* AppDetailCollectionViewCell.swift in Sources */,
				457076C12C679442009CB940 /* TodayAppMultipleCell.swift in Sources */,
				459BC6432C62888E00289771 /* HeaderApps.swift in Sources */,
				45FF94282C5F8C650087AF62 /* SceneDelegate.swift in Sources */,
				450C37D62C617BC800D23864 /* AppsHeaderHorizontalCollectionViewController.swift in Sources */,
				457076C52C67BF5B009CB940 /* TodayAppMultipleCollectionViewController.swift in Sources */,
				45A6E1CB2C64006700AA6001 /* PreviewCollectionViewCell.swift in Sources */,
				45B0D8392C66993F00F6ACF8 /* TodayAppExpandedDescriptionTableViewCell.swift in Sources */,
				45FF94482C5FE7340087AF62 /* VerticalStackView.swift in Sources */,
				45A6E1CF2C64030A00AA6001 /* PreviewHorizontalCollectionViewCell.swift in Sources */,
				45A6E1C12C63999300AA6001 /* HorizontalCollectionViewSnappingController.swift in Sources */,
				45A6E1C92C64001400AA6001 /* UIStackView+Extension.swift in Sources */,
				450C37CA2C6161A000D23864 /* UILabel+Extension.swift in Sources */,
				45A6E1D12C640B8500AA6001 /* ReviewCollectionViewCell.swift in Sources */,
				450C37C22C615E0800D23864 /* RootListCollectionViewController.swift in Sources */,
			);
			runOnlyForDeploymentPostprocessing = 0;
		};
/* End PBXSourcesBuildPhase section */

/* Begin PBXVariantGroup section */
		45FF94302C5F8C660087AF62 /* LaunchScreen.storyboard */ = {
			isa = PBXVariantGroup;
			children = (
				45FF94312C5F8C660087AF62 /* Base */,
			);
			name = LaunchScreen.storyboard;
			sourceTree = "<group>";
		};
/* End PBXVariantGroup section */

/* Begin XCBuildConfiguration section */
		45FF94342C5F8C660087AF62 /* Debug */ = {
			isa = XCBuildConfiguration;
			buildSettings = {
				ALWAYS_SEARCH_USER_PATHS = NO;
				ASSETCATALOG_COMPILER_GENERATE_SWIFT_ASSET_SYMBOL_EXTENSIONS = YES;
				CLANG_ANALYZER_NONNULL = YES;
				CLANG_ANALYZER_NUMBER_OBJECT_CONVERSION = YES_AGGRESSIVE;
				CLANG_CXX_LANGUAGE_STANDARD = "gnu++20";
				CLANG_ENABLE_MODULES = YES;
				CLANG_ENABLE_OBJC_ARC = YES;
				CLANG_ENABLE_OBJC_WEAK = YES;
				CLANG_WARN_BLOCK_CAPTURE_AUTORELEASING = YES;
				CLANG_WARN_BOOL_CONVERSION = YES;
				CLANG_WARN_COMMA = YES;
				CLANG_WARN_CONSTANT_CONVERSION = YES;
				CLANG_WARN_DEPRECATED_OBJC_IMPLEMENTATIONS = YES;
				CLANG_WARN_DIRECT_OBJC_ISA_USAGE = YES_ERROR;
				CLANG_WARN_DOCUMENTATION_COMMENTS = YES;
				CLANG_WARN_EMPTY_BODY = YES;
				CLANG_WARN_ENUM_CONVERSION = YES;
				CLANG_WARN_INFINITE_RECURSION = YES;
				CLANG_WARN_INT_CONVERSION = YES;
				CLANG_WARN_NON_LITERAL_NULL_CONVERSION = YES;
				CLANG_WARN_OBJC_IMPLICIT_RETAIN_SELF = YES;
				CLANG_WARN_OBJC_LITERAL_CONVERSION = YES;
				CLANG_WARN_OBJC_ROOT_CLASS = YES_ERROR;
				CLANG_WARN_QUOTED_INCLUDE_IN_FRAMEWORK_HEADER = YES;
				CLANG_WARN_RANGE_LOOP_ANALYSIS = YES;
				CLANG_WARN_STRICT_PROTOTYPES = YES;
				CLANG_WARN_SUSPICIOUS_MOVE = YES;
				CLANG_WARN_UNGUARDED_AVAILABILITY = YES_AGGRESSIVE;
				CLANG_WARN_UNREACHABLE_CODE = YES;
				CLANG_WARN__DUPLICATE_METHOD_MATCH = YES;
				COPY_PHASE_STRIP = NO;
				DEBUG_INFORMATION_FORMAT = dwarf;
				ENABLE_STRICT_OBJC_MSGSEND = YES;
				ENABLE_TESTABILITY = YES;
				ENABLE_USER_SCRIPT_SANDBOXING = YES;
				GCC_C_LANGUAGE_STANDARD = gnu17;
				GCC_DYNAMIC_NO_PIC = NO;
				GCC_NO_COMMON_BLOCKS = YES;
				GCC_OPTIMIZATION_LEVEL = 0;
				GCC_PREPROCESSOR_DEFINITIONS = (
					"DEBUG=1",
					"$(inherited)",
				);
				GCC_WARN_64_TO_32_BIT_CONVERSION = YES;
				GCC_WARN_ABOUT_RETURN_TYPE = YES_ERROR;
				GCC_WARN_UNDECLARED_SELECTOR = YES;
				GCC_WARN_UNINITIALIZED_AUTOS = YES_AGGRESSIVE;
				GCC_WARN_UNUSED_FUNCTION = YES;
				GCC_WARN_UNUSED_VARIABLE = YES;
				IPHONEOS_DEPLOYMENT_TARGET = 17.0;
				LOCALIZATION_PREFERS_STRING_CATALOGS = YES;
				MTL_ENABLE_DEBUG_INFO = INCLUDE_SOURCE;
				MTL_FAST_MATH = YES;
				ONLY_ACTIVE_ARCH = YES;
				SDKROOT = iphoneos;
				SWIFT_ACTIVE_COMPILATION_CONDITIONS = "DEBUG $(inherited)";
				SWIFT_OPTIMIZATION_LEVEL = "-Onone";
			};
			name = Debug;
		};
		45FF94352C5F8C660087AF62 /* Release */ = {
			isa = XCBuildConfiguration;
			buildSettings = {
				ALWAYS_SEARCH_USER_PATHS = NO;
				ASSETCATALOG_COMPILER_GENERATE_SWIFT_ASSET_SYMBOL_EXTENSIONS = YES;
				CLANG_ANALYZER_NONNULL = YES;
				CLANG_ANALYZER_NUMBER_OBJECT_CONVERSION = YES_AGGRESSIVE;
				CLANG_CXX_LANGUAGE_STANDARD = "gnu++20";
				CLANG_ENABLE_MODULES = YES;
				CLANG_ENABLE_OBJC_ARC = YES;
				CLANG_ENABLE_OBJC_WEAK = YES;
				CLANG_WARN_BLOCK_CAPTURE_AUTORELEASING = YES;
				CLANG_WARN_BOOL_CONVERSION = YES;
				CLANG_WARN_COMMA = YES;
				CLANG_WARN_CONSTANT_CONVERSION = YES;
				CLANG_WARN_DEPRECATED_OBJC_IMPLEMENTATIONS = YES;
				CLANG_WARN_DIRECT_OBJC_ISA_USAGE = YES_ERROR;
				CLANG_WARN_DOCUMENTATION_COMMENTS = YES;
				CLANG_WARN_EMPTY_BODY = YES;
				CLANG_WARN_ENUM_CONVERSION = YES;
				CLANG_WARN_INFINITE_RECURSION = YES;
				CLANG_WARN_INT_CONVERSION = YES;
				CLANG_WARN_NON_LITERAL_NULL_CONVERSION = YES;
				CLANG_WARN_OBJC_IMPLICIT_RETAIN_SELF = YES;
				CLANG_WARN_OBJC_LITERAL_CONVERSION = YES;
				CLANG_WARN_OBJC_ROOT_CLASS = YES_ERROR;
				CLANG_WARN_QUOTED_INCLUDE_IN_FRAMEWORK_HEADER = YES;
				CLANG_WARN_RANGE_LOOP_ANALYSIS = YES;
				CLANG_WARN_STRICT_PROTOTYPES = YES;
				CLANG_WARN_SUSPICIOUS_MOVE = YES;
				CLANG_WARN_UNGUARDED_AVAILABILITY = YES_AGGRESSIVE;
				CLANG_WARN_UNREACHABLE_CODE = YES;
				CLANG_WARN__DUPLICATE_METHOD_MATCH = YES;
				COPY_PHASE_STRIP = NO;
				DEBUG_INFORMATION_FORMAT = "dwarf-with-dsym";
				ENABLE_NS_ASSERTIONS = NO;
				ENABLE_STRICT_OBJC_MSGSEND = YES;
				ENABLE_USER_SCRIPT_SANDBOXING = YES;
				GCC_C_LANGUAGE_STANDARD = gnu17;
				GCC_NO_COMMON_BLOCKS = YES;
				GCC_WARN_64_TO_32_BIT_CONVERSION = YES;
				GCC_WARN_ABOUT_RETURN_TYPE = YES_ERROR;
				GCC_WARN_UNDECLARED_SELECTOR = YES;
				GCC_WARN_UNINITIALIZED_AUTOS = YES_AGGRESSIVE;
				GCC_WARN_UNUSED_FUNCTION = YES;
				GCC_WARN_UNUSED_VARIABLE = YES;
				IPHONEOS_DEPLOYMENT_TARGET = 17.0;
				LOCALIZATION_PREFERS_STRING_CATALOGS = YES;
				MTL_ENABLE_DEBUG_INFO = NO;
				MTL_FAST_MATH = YES;
				SDKROOT = iphoneos;
				SWIFT_COMPILATION_MODE = wholemodule;
				VALIDATE_PRODUCT = YES;
			};
			name = Release;
		};
		45FF94372C5F8C660087AF62 /* Debug */ = {
			isa = XCBuildConfiguration;
			buildSettings = {
				ASSETCATALOG_COMPILER_APPICON_NAME = AppIcon;
				ASSETCATALOG_COMPILER_GLOBAL_ACCENT_COLOR_NAME = AccentColor;
				CODE_SIGN_STYLE = Automatic;
				CURRENT_PROJECT_VERSION = 1;
				DEVELOPMENT_TEAM = N2G2NDDG29;
				GENERATE_INFOPLIST_FILE = YES;
				INFOPLIST_FILE = iStore/Info.plist;
				INFOPLIST_KEY_UIApplicationSupportsIndirectInputEvents = YES;
				INFOPLIST_KEY_UILaunchStoryboardName = LaunchScreen;
				INFOPLIST_KEY_UISupportedInterfaceOrientations_iPad = "UIInterfaceOrientationPortrait UIInterfaceOrientationPortraitUpsideDown UIInterfaceOrientationLandscapeLeft UIInterfaceOrientationLandscapeRight";
				INFOPLIST_KEY_UISupportedInterfaceOrientations_iPhone = "UIInterfaceOrientationPortrait UIInterfaceOrientationLandscapeLeft UIInterfaceOrientationLandscapeRight";
				LD_RUNPATH_SEARCH_PATHS = (
					"$(inherited)",
					"@executable_path/Frameworks",
				);
				MARKETING_VERSION = 1.0;
				PRODUCT_BUNDLE_IDENTIFIER = com.ahmettarik.iStore;
				PRODUCT_NAME = "$(TARGET_NAME)";
				SUPPORTED_PLATFORMS = "iphoneos iphonesimulator";
				SUPPORTS_MACCATALYST = NO;
				SUPPORTS_MAC_DESIGNED_FOR_IPHONE_IPAD = NO;
				SWIFT_EMIT_LOC_STRINGS = YES;
				SWIFT_VERSION = 5.0;
				TARGETED_DEVICE_FAMILY = "1,2";
			};
			name = Debug;
		};
		45FF94382C5F8C660087AF62 /* Release */ = {
			isa = XCBuildConfiguration;
			buildSettings = {
				ASSETCATALOG_COMPILER_APPICON_NAME = AppIcon;
				ASSETCATALOG_COMPILER_GLOBAL_ACCENT_COLOR_NAME = AccentColor;
				CODE_SIGN_STYLE = Automatic;
				CURRENT_PROJECT_VERSION = 1;
				DEVELOPMENT_TEAM = N2G2NDDG29;
				GENERATE_INFOPLIST_FILE = YES;
				INFOPLIST_FILE = iStore/Info.plist;
				INFOPLIST_KEY_UIApplicationSupportsIndirectInputEvents = YES;
				INFOPLIST_KEY_UILaunchStoryboardName = LaunchScreen;
				INFOPLIST_KEY_UISupportedInterfaceOrientations_iPad = "UIInterfaceOrientationPortrait UIInterfaceOrientationPortraitUpsideDown UIInterfaceOrientationLandscapeLeft UIInterfaceOrientationLandscapeRight";
				INFOPLIST_KEY_UISupportedInterfaceOrientations_iPhone = "UIInterfaceOrientationPortrait UIInterfaceOrientationLandscapeLeft UIInterfaceOrientationLandscapeRight";
				LD_RUNPATH_SEARCH_PATHS = (
					"$(inherited)",
					"@executable_path/Frameworks",
				);
				MARKETING_VERSION = 1.0;
				PRODUCT_BUNDLE_IDENTIFIER = com.ahmettarik.iStore;
				PRODUCT_NAME = "$(TARGET_NAME)";
				SUPPORTED_PLATFORMS = "iphoneos iphonesimulator";
				SUPPORTS_MACCATALYST = NO;
				SUPPORTS_MAC_DESIGNED_FOR_IPHONE_IPAD = NO;
				SWIFT_EMIT_LOC_STRINGS = YES;
				SWIFT_VERSION = 5.0;
				TARGETED_DEVICE_FAMILY = "1,2";
			};
			name = Release;
		};
/* End XCBuildConfiguration section */

/* Begin XCConfigurationList section */
		45FF941D2C5F8C650087AF62 /* Build configuration list for PBXProject "iStore" */ = {
			isa = XCConfigurationList;
			buildConfigurations = (
				45FF94342C5F8C660087AF62 /* Debug */,
				45FF94352C5F8C660087AF62 /* Release */,
			);
			defaultConfigurationIsVisible = 0;
			defaultConfigurationName = Release;
		};
		45FF94362C5F8C660087AF62 /* Build configuration list for PBXNativeTarget "iStore" */ = {
			isa = XCConfigurationList;
			buildConfigurations = (
				45FF94372C5F8C660087AF62 /* Debug */,
				45FF94382C5F8C660087AF62 /* Release */,
			);
			defaultConfigurationIsVisible = 0;
			defaultConfigurationName = Release;
		};
/* End XCConfigurationList section */

/* Begin XCRemoteSwiftPackageReference section */
		450C37BC2C6135BE00D23864 /* XCRemoteSwiftPackageReference "SDWebImage" */ = {
			isa = XCRemoteSwiftPackageReference;
			repositoryURL = "https://github.com/SDWebImage/SDWebImage.git";
			requirement = {
				kind = upToNextMajorVersion;
				minimumVersion = 5.19.5;
			};
		};
/* End XCRemoteSwiftPackageReference section */

/* Begin XCSwiftPackageProductDependency section */
		450C37BD2C6135BE00D23864 /* SDWebImage */ = {
			isa = XCSwiftPackageProductDependency;
			package = 450C37BC2C6135BE00D23864 /* XCRemoteSwiftPackageReference "SDWebImage" */;
			productName = SDWebImage;
		};
/* End XCSwiftPackageProductDependency section */
	};
	rootObject = 45FF941A2C5F8C650087AF62 /* Project object */;
}
